
Microsoft Visual Studio Solution File, Format Version 11.00
# Visual Studio 2010
Project("{8BC9CEB8-8B4A-11D0-8D11-00A0C91BC942}") = "bcrypt_lib", "bcrypt.vcxproj", "{AB909100-C3ED-47AC-9240-BCB62D51CF63}"
EndProject
Global
	GlobalSection(SolutionConfigurationPlatforms) = preSolution
		Debug|Win32 = Debug|Win32
		Release|Win32 = Release|Win32
	EndGlobalSection
	GlobalSection(ProjectConfigurationPlatforms) = postSolution
		{AB909100-C3ED-47AC-9240-BCB62D51CF63}.Debug|Win32.ActiveCfg = Debug|Win32
		{AB909100-C3ED-47AC-9240-BCB62D51CF63}.Debug|Win32.Build.0 = Debug|Win32
		{AB909100-C3ED-47AC-9240-BCB62D51CF63}.Release|Win32.ActiveCfg = Release|Win32
		{AB909100-C3ED-47AC-9240-BCB62D51CF63}.Release|Win32.Build.0 = Release|Win32
	EndGlobalSection
	GlobalSection(SolutionProperties) = preSolution
		HideSolutionNode = FALSE
	EndGlobalSection
EndGlobal
